
Microsoft Visual Studio Solution File, Format Version 12.00
# Visual Studio 15
VisualStudioVersion = 15.0.28307.329
MinimumVisualStudioVersion = 10.0.40219.1
Project("{FAE04EC0-301F-11D3-BF4B-00C04F79EFBC}") = "VBQueueDemo1", "VBQueueDemo1\VBQueueDemo1.csproj", "{AE92DE93-7C68-4FD1-80DA-F63AD0365E70}"
EndProject
Global
	GlobalSection(SolutionConfigurationPlatforms) = preSolution
		Debug|Any CPU = Debug|Any CPU
		Release|Any CPU = Release|Any CPU
	EndGlobalSection
	GlobalSection(ProjectConfigurationPlatforms) = postSolution
		{AE92DE93-7C68-4FD1-80DA-F63AD0365E70}.Debug|Any CPU.ActiveCfg = Debug|Any CPU
		{AE92DE93-7C68-4FD1-80DA-F63AD0365E70}.Debug|Any CPU.Build.0 = Debug|Any CPU
		{AE92DE93-7C68-4FD1-80DA-F63AD0365E70}.Release|Any CPU.ActiveCfg = Release|Any CPU
		{AE92DE93-7C68-4FD1-80DA-F63AD0365E70}.Release|Any CPU.Build.0 = Release|Any CPU
	EndGlobalSection
	GlobalSection(SolutionProperties) = preSolution
		HideSolutionNode = FALSE
	EndGlobalSection
	GlobalSection(ExtensibilityGlobals) = postSolution
		SolutionGuid = {88D019EF-D747-4729-8149-D0F2848DDE58}
	EndGlobalSection
EndGlobal
